// !$*UTF8*$!
{
	archiveVersion = 1;
	classes = {
	};
	objectVersion = 46;
	objects = {

/* Begin PBXAggregateTarget section */
		F5059AC11F0D64B7009DFF0B /* mogenerator */ = {
			isa = PBXAggregateTarget;
			buildConfigurationList = F5059AC21F0D64B7009DFF0B /* Build configuration list for PBXAggregateTarget "mogenerator" */;
			buildPhases = (
				F5059AC51F0D651C009DFF0B /* ShellScript */,
			);
			dependencies = (
			);
			name = mogenerator;
			productName = mogenerator;
		};
/* End PBXAggregateTarget section */

/* Begin PBXBuildFile section */
		69E0828D33035D190E5EE293 /* Pods_Clark.framework in Frameworks */ = {isa = PBXBuildFile; fileRef = E14B3DDB1E6090E9C6246BBA /* Pods_Clark.framework */; };
		874F1936D93F8BF8C99C51A4 /* Pods_Dev.framework in Frameworks */ = {isa = PBXBuildFile; fileRef = B9E1D3E9DF3862671C65AFCF /* Pods_Dev.framework */; };
		F5059AB81F0D558D009DFF0B /* Dev.plist in Resources */ = {isa = PBXBuildFile; fileRef = F5059AB61F0D558D009DFF0B /* Dev.plist */; };
		F5059AB91F0D558D009DFF0B /* Dev.plist in Resources */ = {isa = PBXBuildFile; fileRef = F5059AB61F0D558D009DFF0B /* Dev.plist */; };
		F5059ABA1F0D558D009DFF0B /* Prod.plist in Resources */ = {isa = PBXBuildFile; fileRef = F5059AB71F0D558D009DFF0B /* Prod.plist */; };
		F5059ABB1F0D558D009DFF0B /* Prod.plist in Resources */ = {isa = PBXBuildFile; fileRef = F5059AB71F0D558D009DFF0B /* Prod.plist */; };
		F5059ABF1F0D5887009DFF0B /* Model.xcdatamodeld in Sources */ = {isa = PBXBuildFile; fileRef = F5059ABD1F0D5887009DFF0B /* Model.xcdatamodeld */; };
		F5059AC01F0D5887009DFF0B /* Model.xcdatamodeld in Sources */ = {isa = PBXBuildFile; fileRef = F5059ABD1F0D5887009DFF0B /* Model.xcdatamodeld */; };
		F5059AD21F0D6544009DFF0B /* Message.swift in Sources */ = {isa = PBXBuildFile; fileRef = F5059AC71F0D6544009DFF0B /* Message.swift */; };
		F5059AD31F0D6544009DFF0B /* Message.swift in Sources */ = {isa = PBXBuildFile; fileRef = F5059AC71F0D6544009DFF0B /* Message.swift */; };
		F5059AD41F0D6544009DFF0B /* Model.swift in Sources */ = {isa = PBXBuildFile; fileRef = F5059AC81F0D6544009DFF0B /* Model.swift */; };
		F5059AD51F0D6544009DFF0B /* Model.swift in Sources */ = {isa = PBXBuildFile; fileRef = F5059AC81F0D6544009DFF0B /* Model.swift */; };
		F5059AD61F0D6544009DFF0B /* Session.swift in Sources */ = {isa = PBXBuildFile; fileRef = F5059AC91F0D6544009DFF0B /* Session.swift */; };
		F5059AD71F0D6544009DFF0B /* Session.swift in Sources */ = {isa = PBXBuildFile; fileRef = F5059AC91F0D6544009DFF0B /* Session.swift */; };
		F5059AD81F0D6544009DFF0B /* Student.swift in Sources */ = {isa = PBXBuildFile; fileRef = F5059ACA1F0D6544009DFF0B /* Student.swift */; };
		F5059AD91F0D6544009DFF0B /* Student.swift in Sources */ = {isa = PBXBuildFile; fileRef = F5059ACA1F0D6544009DFF0B /* Student.swift */; };
		F5059ADA1F0D6544009DFF0B /* Tutor.swift in Sources */ = {isa = PBXBuildFile; fileRef = F5059ACB1F0D6544009DFF0B /* Tutor.swift */; };
		F5059ADB1F0D6544009DFF0B /* Tutor.swift in Sources */ = {isa = PBXBuildFile; fileRef = F5059ACB1F0D6544009DFF0B /* Tutor.swift */; };
		F5059ADC1F0D6544009DFF0B /* _Message.swift in Sources */ = {isa = PBXBuildFile; fileRef = F5059ACD1F0D6544009DFF0B /* _Message.swift */; };
		F5059ADD1F0D6544009DFF0B /* _Message.swift in Sources */ = {isa = PBXBuildFile; fileRef = F5059ACD1F0D6544009DFF0B /* _Message.swift */; };
		F5059ADE1F0D6544009DFF0B /* _Model.swift in Sources */ = {isa = PBXBuildFile; fileRef = F5059ACE1F0D6544009DFF0B /* _Model.swift */; };
		F5059ADF1F0D6544009DFF0B /* _Model.swift in Sources */ = {isa = PBXBuildFile; fileRef = F5059ACE1F0D6544009DFF0B /* _Model.swift */; };
		F5059AE01F0D6544009DFF0B /* _Session.swift in Sources */ = {isa = PBXBuildFile; fileRef = F5059ACF1F0D6544009DFF0B /* _Session.swift */; };
		F5059AE11F0D6544009DFF0B /* _Session.swift in Sources */ = {isa = PBXBuildFile; fileRef = F5059ACF1F0D6544009DFF0B /* _Session.swift */; };
		F5059AE21F0D6544009DFF0B /* _Student.swift in Sources */ = {isa = PBXBuildFile; fileRef = F5059AD01F0D6544009DFF0B /* _Student.swift */; };
		F5059AE31F0D6544009DFF0B /* _Student.swift in Sources */ = {isa = PBXBuildFile; fileRef = F5059AD01F0D6544009DFF0B /* _Student.swift */; };
		F5059AE41F0D6544009DFF0B /* _Tutor.swift in Sources */ = {isa = PBXBuildFile; fileRef = F5059AD11F0D6544009DFF0B /* _Tutor.swift */; };
		F5059AE51F0D6544009DFF0B /* _Tutor.swift in Sources */ = {isa = PBXBuildFile; fileRef = F5059AD11F0D6544009DFF0B /* _Tutor.swift */; };
		F5059AF11F0D6594009DFF0B /* Button.swift in Sources */ = {isa = PBXBuildFile; fileRef = F5059AE81F0D6594009DFF0B /* Button.swift */; };
		F5059AF21F0D6594009DFF0B /* Button.swift in Sources */ = {isa = PBXBuildFile; fileRef = F5059AE81F0D6594009DFF0B /* Button.swift */; };
		F5059AF31F0D6594009DFF0B /* Colors.swift in Sources */ = {isa = PBXBuildFile; fileRef = F5059AEA1F0D6594009DFF0B /* Colors.swift */; };
		F5059AF41F0D6594009DFF0B /* Colors.swift in Sources */ = {isa = PBXBuildFile; fileRef = F5059AEA1F0D6594009DFF0B /* Colors.swift */; };
		F5059AF51F0D6594009DFF0B /* Device.swift in Sources */ = {isa = PBXBuildFile; fileRef = F5059AEB1F0D6594009DFF0B /* Device.swift */; };
		F5059AF61F0D6594009DFF0B /* Device.swift in Sources */ = {isa = PBXBuildFile; fileRef = F5059AEB1F0D6594009DFF0B /* Device.swift */; };
		F5059AF71F0D6594009DFF0B /* Font.swift in Sources */ = {isa = PBXBuildFile; fileRef = F5059AED1F0D6594009DFF0B /* Font.swift */; };
		F5059AF81F0D6594009DFF0B /* Font.swift in Sources */ = {isa = PBXBuildFile; fileRef = F5059AED1F0D6594009DFF0B /* Font.swift */; };
		F5059AF91F0D6594009DFF0B /* JSON.swift in Sources */ = {isa = PBXBuildFile; fileRef = F5059AEE1F0D6594009DFF0B /* JSON.swift */; };
		F5059AFA1F0D6594009DFF0B /* JSON.swift in Sources */ = {isa = PBXBuildFile; fileRef = F5059AEE1F0D6594009DFF0B /* JSON.swift */; };
		F5059AFB1F0D6594009DFF0B /* String.swift in Sources */ = {isa = PBXBuildFile; fileRef = F5059AEF1F0D6594009DFF0B /* String.swift */; };
		F5059AFC1F0D6594009DFF0B /* String.swift in Sources */ = {isa = PBXBuildFile; fileRef = F5059AEF1F0D6594009DFF0B /* String.swift */; };
		F5059AFD1F0D6594009DFF0B /* View.swift in Sources */ = {isa = PBXBuildFile; fileRef = F5059AF01F0D6594009DFF0B /* View.swift */; };
		F5059AFE1F0D6594009DFF0B /* View.swift in Sources */ = {isa = PBXBuildFile; fileRef = F5059AF01F0D6594009DFF0B /* View.swift */; };
		F5059B0C1F0D6677009DFF0B /* AutocompleteAdapter.swift in Sources */ = {isa = PBXBuildFile; fileRef = F5059B011F0D6677009DFF0B /* AutocompleteAdapter.swift */; };
		F5059B0D1F0D6677009DFF0B /* AutocompleteAdapter.swift in Sources */ = {isa = PBXBuildFile; fileRef = F5059B011F0D6677009DFF0B /* AutocompleteAdapter.swift */; };
		F5059B0E1F0D6677009DFF0B /* ConfigAdapter.swift in Sources */ = {isa = PBXBuildFile; fileRef = F5059B021F0D6677009DFF0B /* ConfigAdapter.swift */; };
		F5059B0F1F0D6677009DFF0B /* ConfigAdapter.swift in Sources */ = {isa = PBXBuildFile; fileRef = F5059B021F0D6677009DFF0B /* ConfigAdapter.swift */; };
		F5059B101F0D6677009DFF0B /* PaymentAdapter.swift in Sources */ = {isa = PBXBuildFile; fileRef = F5059B031F0D6677009DFF0B /* PaymentAdapter.swift */; };
		F5059B111F0D6677009DFF0B /* PaymentAdapter.swift in Sources */ = {isa = PBXBuildFile; fileRef = F5059B031F0D6677009DFF0B /* PaymentAdapter.swift */; };
		F5059B121F0D6677009DFF0B /* SessionAdapter.swift in Sources */ = {isa = PBXBuildFile; fileRef = F5059B041F0D6677009DFF0B /* SessionAdapter.swift */; };
		F5059B131F0D6677009DFF0B /* SessionAdapter.swift in Sources */ = {isa = PBXBuildFile; fileRef = F5059B041F0D6677009DFF0B /* SessionAdapter.swift */; };
		F5059B141F0D6677009DFF0B /* StudentAdapter.swift in Sources */ = {isa = PBXBuildFile; fileRef = F5059B051F0D6677009DFF0B /* StudentAdapter.swift */; };
		F5059B151F0D6677009DFF0B /* StudentAdapter.swift in Sources */ = {isa = PBXBuildFile; fileRef = F5059B051F0D6677009DFF0B /* StudentAdapter.swift */; };
		F5059B161F0D6677009DFF0B /* SynchronizerAdapter.swift in Sources */ = {isa = PBXBuildFile; fileRef = F5059B061F0D6677009DFF0B /* SynchronizerAdapter.swift */; };
		F5059B171F0D6677009DFF0B /* SynchronizerAdapter.swift in Sources */ = {isa = PBXBuildFile; fileRef = F5059B061F0D6677009DFF0B /* SynchronizerAdapter.swift */; };
		F5059B181F0D6677009DFF0B /* SynchronizerHandler.swift in Sources */ = {isa = PBXBuildFile; fileRef = F5059B071F0D6677009DFF0B /* SynchronizerHandler.swift */; };
		F5059B191F0D6677009DFF0B /* SynchronizerHandler.swift in Sources */ = {isa = PBXBuildFile; fileRef = F5059B071F0D6677009DFF0B /* SynchronizerHandler.swift */; };
		F5059B1A1F0D6677009DFF0B /* TutorAdapter.swift in Sources */ = {isa = PBXBuildFile; fileRef = F5059B081F0D6677009DFF0B /* TutorAdapter.swift */; };
		F5059B1B1F0D6677009DFF0B /* TutorAdapter.swift in Sources */ = {isa = PBXBuildFile; fileRef = F5059B081F0D6677009DFF0B /* TutorAdapter.swift */; };
		F5059B1C1F0D6677009DFF0B /* APIManager.swift in Sources */ = {isa = PBXBuildFile; fileRef = F5059B091F0D6677009DFF0B /* APIManager.swift */; };
		F5059B1D1F0D6677009DFF0B /* APIManager.swift in Sources */ = {isa = PBXBuildFile; fileRef = F5059B091F0D6677009DFF0B /* APIManager.swift */; };
		F5059B1E1F0D6677009DFF0B /* KickoffManager.swift in Sources */ = {isa = PBXBuildFile; fileRef = F5059B0A1F0D6677009DFF0B /* KickoffManager.swift */; };
		F5059B1F1F0D6677009DFF0B /* KickoffManager.swift in Sources */ = {isa = PBXBuildFile; fileRef = F5059B0A1F0D6677009DFF0B /* KickoffManager.swift */; };
		F5059B201F0D6677009DFF0B /* NetworkingProtocol.swift in Sources */ = {isa = PBXBuildFile; fileRef = F5059B0B1F0D6677009DFF0B /* NetworkingProtocol.swift */; };
		F5059B211F0D6677009DFF0B /* NetworkingProtocol.swift in Sources */ = {isa = PBXBuildFile; fileRef = F5059B0B1F0D6677009DFF0B /* NetworkingProtocol.swift */; };
		F5059B271F0D67A6009DFF0B /* AutoCompleteData.swift in Sources */ = {isa = PBXBuildFile; fileRef = F5059B221F0D67A6009DFF0B /* AutoCompleteData.swift */; };
		F5059B281F0D67A6009DFF0B /* AutoCompleteData.swift in Sources */ = {isa = PBXBuildFile; fileRef = F5059B221F0D67A6009DFF0B /* AutoCompleteData.swift */; };
		F5059B291F0D67A6009DFF0B /* HourData.swift in Sources */ = {isa = PBXBuildFile; fileRef = F5059B231F0D67A6009DFF0B /* HourData.swift */; };
		F5059B2A1F0D67A6009DFF0B /* HourData.swift in Sources */ = {isa = PBXBuildFile; fileRef = F5059B231F0D67A6009DFF0B /* HourData.swift */; };
		F5059B2D1F0D67A6009DFF0B /* MessageAttributes.swift in Sources */ = {isa = PBXBuildFile; fileRef = F5059B251F0D67A6009DFF0B /* MessageAttributes.swift */; };
		F5059B2E1F0D67A6009DFF0B /* MessageAttributes.swift in Sources */ = {isa = PBXBuildFile; fileRef = F5059B251F0D67A6009DFF0B /* MessageAttributes.swift */; };
		F5059B2F1F0D67A6009DFF0B /* OnboardingFlows.swift in Sources */ = {isa = PBXBuildFile; fileRef = F5059B261F0D67A6009DFF0B /* OnboardingFlows.swift */; };
		F5059B301F0D67A6009DFF0B /* OnboardingFlows.swift in Sources */ = {isa = PBXBuildFile; fileRef = F5059B261F0D67A6009DFF0B /* OnboardingFlows.swift */; };
		F5059B361F0D6842009DFF0B /* Constants.m in Sources */ = {isa = PBXBuildFile; fileRef = F5059B351F0D6842009DFF0B /* Constants.m */; };
		F5059B371F0D6842009DFF0B /* Constants.m in Sources */ = {isa = PBXBuildFile; fileRef = F5059B351F0D6842009DFF0B /* Constants.m */; };
		F5059B3A1F0D68BC009DFF0B /* DatabaseManager.swift in Sources */ = {isa = PBXBuildFile; fileRef = F5059B391F0D68BC009DFF0B /* DatabaseManager.swift */; };
		F5059B3B1F0D68BC009DFF0B /* DatabaseManager.swift in Sources */ = {isa = PBXBuildFile; fileRef = F5059B391F0D68BC009DFF0B /* DatabaseManager.swift */; };
		F5059B3D1F0D6A63009DFF0B /* Config.swift in Sources */ = {isa = PBXBuildFile; fileRef = F5059B3C1F0D6A63009DFF0B /* Config.swift */; };
		F5059B3E1F0D6A63009DFF0B /* Config.swift in Sources */ = {isa = PBXBuildFile; fileRef = F5059B3C1F0D6A63009DFF0B /* Config.swift */; };
		F5059B4B1F0D6FAD009DFF0B /* SF-Pro-Text-Bold.otf in Resources */ = {isa = PBXBuildFile; fileRef = F5059B401F0D6FAD009DFF0B /* SF-Pro-Text-Bold.otf */; };
		F5059B4C1F0D6FAD009DFF0B /* SF-Pro-Text-Bold.otf in Resources */ = {isa = PBXBuildFile; fileRef = F5059B401F0D6FAD009DFF0B /* SF-Pro-Text-Bold.otf */; };
		F5059B4D1F0D6FAD009DFF0B /* SF-Pro-Text-BoldItalic.otf in Resources */ = {isa = PBXBuildFile; fileRef = F5059B411F0D6FAD009DFF0B /* SF-Pro-Text-BoldItalic.otf */; };
		F5059B4E1F0D6FAD009DFF0B /* SF-Pro-Text-BoldItalic.otf in Resources */ = {isa = PBXBuildFile; fileRef = F5059B411F0D6FAD009DFF0B /* SF-Pro-Text-BoldItalic.otf */; };
		F5059B4F1F0D6FAD009DFF0B /* SF-Pro-Text-Heavy.otf in Resources */ = {isa = PBXBuildFile; fileRef = F5059B421F0D6FAD009DFF0B /* SF-Pro-Text-Heavy.otf */; };
		F5059B501F0D6FAD009DFF0B /* SF-Pro-Text-Heavy.otf in Resources */ = {isa = PBXBuildFile; fileRef = F5059B421F0D6FAD009DFF0B /* SF-Pro-Text-Heavy.otf */; };
		F5059B511F0D6FAD009DFF0B /* SF-Pro-Text-HeavyItalic.otf in Resources */ = {isa = PBXBuildFile; fileRef = F5059B431F0D6FAD009DFF0B /* SF-Pro-Text-HeavyItalic.otf */; };
		F5059B521F0D6FAD009DFF0B /* SF-Pro-Text-HeavyItalic.otf in Resources */ = {isa = PBXBuildFile; fileRef = F5059B431F0D6FAD009DFF0B /* SF-Pro-Text-HeavyItalic.otf */; };
		F5059B531F0D6FAD009DFF0B /* SF-Pro-Text-Light.otf in Resources */ = {isa = PBXBuildFile; fileRef = F5059B441F0D6FAD009DFF0B /* SF-Pro-Text-Light.otf */; };
		F5059B541F0D6FAD009DFF0B /* SF-Pro-Text-Light.otf in Resources */ = {isa = PBXBuildFile; fileRef = F5059B441F0D6FAD009DFF0B /* SF-Pro-Text-Light.otf */; };
		F5059B551F0D6FAD009DFF0B /* SF-Pro-Text-LightItalic.otf in Resources */ = {isa = PBXBuildFile; fileRef = F5059B451F0D6FAD009DFF0B /* SF-Pro-Text-LightItalic.otf */; };
		F5059B561F0D6FAD009DFF0B /* SF-Pro-Text-LightItalic.otf in Resources */ = {isa = PBXBuildFile; fileRef = F5059B451F0D6FAD009DFF0B /* SF-Pro-Text-LightItalic.otf */; };
		F5059B571F0D6FAD009DFF0B /* SF-Pro-Text-Medium.otf in Resources */ = {isa = PBXBuildFile; fileRef = F5059B461F0D6FAD009DFF0B /* SF-Pro-Text-Medium.otf */; };
		F5059B581F0D6FAD009DFF0B /* SF-Pro-Text-Medium.otf in Resources */ = {isa = PBXBuildFile; fileRef = F5059B461F0D6FAD009DFF0B /* SF-Pro-Text-Medium.otf */; };
		F5059B591F0D6FAD009DFF0B /* SF-Pro-Text-MediumItalic.otf in Resources */ = {isa = PBXBuildFile; fileRef = F5059B471F0D6FAD009DFF0B /* SF-Pro-Text-MediumItalic.otf */; };
		F5059B5A1F0D6FAD009DFF0B /* SF-Pro-Text-MediumItalic.otf in Resources */ = {isa = PBXBuildFile; fileRef = F5059B471F0D6FAD009DFF0B /* SF-Pro-Text-MediumItalic.otf */; };
		F5059B5B1F0D6FAD009DFF0B /* SF-Pro-Text-Regular.otf in Resources */ = {isa = PBXBuildFile; fileRef = F5059B481F0D6FAD009DFF0B /* SF-Pro-Text-Regular.otf */; };
		F5059B5C1F0D6FAD009DFF0B /* SF-Pro-Text-Regular.otf in Resources */ = {isa = PBXBuildFile; fileRef = F5059B481F0D6FAD009DFF0B /* SF-Pro-Text-Regular.otf */; };
		F5059B5D1F0D6FAD009DFF0B /* SF-Pro-Text-RegularItalic.otf in Resources */ = {isa = PBXBuildFile; fileRef = F5059B491F0D6FAD009DFF0B /* SF-Pro-Text-RegularItalic.otf */; };
		F5059B5E1F0D6FAD009DFF0B /* SF-Pro-Text-RegularItalic.otf in Resources */ = {isa = PBXBuildFile; fileRef = F5059B491F0D6FAD009DFF0B /* SF-Pro-Text-RegularItalic.otf */; };
		F5059B5F1F0D6FAD009DFF0B /* SF-Pro-Text-Semibold.otf in Resources */ = {isa = PBXBuildFile; fileRef = F5059B4A1F0D6FAD009DFF0B /* SF-Pro-Text-Semibold.otf */; };
		F5059B601F0D6FAD009DFF0B /* SF-Pro-Text-Semibold.otf in Resources */ = {isa = PBXBuildFile; fileRef = F5059B4A1F0D6FAD009DFF0B /* SF-Pro-Text-Semibold.otf */; };
		F5059B631F0D704C009DFF0B /* ConversationManager.swift in Sources */ = {isa = PBXBuildFile; fileRef = F5059B621F0D704C009DFF0B /* ConversationManager.swift */; };
		F5059B641F0D704C009DFF0B /* ConversationManager.swift in Sources */ = {isa = PBXBuildFile; fileRef = F5059B621F0D704C009DFF0B /* ConversationManager.swift */; };
		F50C33371F0D541B00905F17 /* AppDelegate.swift in Sources */ = {isa = PBXBuildFile; fileRef = F50C33361F0D541B00905F17 /* AppDelegate.swift */; };
		F50C333E1F0D541B00905F17 /* Assets.xcassets in Resources */ = {isa = PBXBuildFile; fileRef = F50C333D1F0D541B00905F17 /* Assets.xcassets */; };
		F50C33411F0D541B00905F17 /* LaunchScreen.storyboard in Resources */ = {isa = PBXBuildFile; fileRef = F50C333F1F0D541B00905F17 /* LaunchScreen.storyboard */; };
		F50C334A1F0D544400905F17 /* AppDelegate.swift in Sources */ = {isa = PBXBuildFile; fileRef = F50C33361F0D541B00905F17 /* AppDelegate.swift */; };
		F50C334D1F0D544400905F17 /* LaunchScreen.storyboard in Resources */ = {isa = PBXBuildFile; fileRef = F50C333F1F0D541B00905F17 /* LaunchScreen.storyboard */; };
		F50C334E1F0D544400905F17 /* Assets.xcassets in Resources */ = {isa = PBXBuildFile; fileRef = F50C333D1F0D541B00905F17 /* Assets.xcassets */; };
/* End PBXBuildFile section */

/* Begin PBXFileReference section */
		150DA31D9068E4C95D746929 /* Pods-Clark.debug.xcconfig */ = {isa = PBXFileReference; includeInIndex = 1; lastKnownFileType = text.xcconfig; name = "Pods-Clark.debug.xcconfig"; path = "Pods/Target Support Files/Pods-Clark/Pods-Clark.debug.xcconfig"; sourceTree = "<group>"; };
		3336E7F8E70FD4693654AB7A /* Pods-Dev.debug.xcconfig */ = {isa = PBXFileReference; includeInIndex = 1; lastKnownFileType = text.xcconfig; name = "Pods-Dev.debug.xcconfig"; path = "Pods/Target Support Files/Pods-Dev/Pods-Dev.debug.xcconfig"; sourceTree = "<group>"; };
		8FC9A96ABD663AD187360BA2 /* Pods-Clark.release.xcconfig */ = {isa = PBXFileReference; includeInIndex = 1; lastKnownFileType = text.xcconfig; name = "Pods-Clark.release.xcconfig"; path = "Pods/Target Support Files/Pods-Clark/Pods-Clark.release.xcconfig"; sourceTree = "<group>"; };
		ACA8600C9614DFE77EE65573 /* Pods-Dev.release.xcconfig */ = {isa = PBXFileReference; includeInIndex = 1; lastKnownFileType = text.xcconfig; name = "Pods-Dev.release.xcconfig"; path = "Pods/Target Support Files/Pods-Dev/Pods-Dev.release.xcconfig"; sourceTree = "<group>"; };
		B9E1D3E9DF3862671C65AFCF /* Pods_Dev.framework */ = {isa = PBXFileReference; explicitFileType = wrapper.framework; includeInIndex = 0; path = Pods_Dev.framework; sourceTree = BUILT_PRODUCTS_DIR; };
		E14B3DDB1E6090E9C6246BBA /* Pods_Clark.framework */ = {isa = PBXFileReference; explicitFileType = wrapper.framework; includeInIndex = 0; path = Pods_Clark.framework; sourceTree = BUILT_PRODUCTS_DIR; };
		F5059AB61F0D558D009DFF0B /* Dev.plist */ = {isa = PBXFileReference; fileEncoding = 4; lastKnownFileType = text.plist.xml; path = Dev.plist; sourceTree = "<group>"; };
		F5059AB71F0D558D009DFF0B /* Prod.plist */ = {isa = PBXFileReference; fileEncoding = 4; lastKnownFileType = text.plist.xml; path = Prod.plist; sourceTree = "<group>"; };
		F5059ABE1F0D5887009DFF0B /* Model.xcdatamodel */ = {isa = PBXFileReference; lastKnownFileType = wrapper.xcdatamodel; path = Model.xcdatamodel; sourceTree = "<group>"; };
		F5059AC71F0D6544009DFF0B /* Message.swift */ = {isa = PBXFileReference; fileEncoding = 4; lastKnownFileType = sourcecode.swift; path = Message.swift; sourceTree = "<group>"; };
		F5059AC81F0D6544009DFF0B /* Model.swift */ = {isa = PBXFileReference; fileEncoding = 4; lastKnownFileType = sourcecode.swift; path = Model.swift; sourceTree = "<group>"; };
		F5059AC91F0D6544009DFF0B /* Session.swift */ = {isa = PBXFileReference; fileEncoding = 4; lastKnownFileType = sourcecode.swift; path = Session.swift; sourceTree = "<group>"; };
		F5059ACA1F0D6544009DFF0B /* Student.swift */ = {isa = PBXFileReference; fileEncoding = 4; lastKnownFileType = sourcecode.swift; path = Student.swift; sourceTree = "<group>"; };
		F5059ACB1F0D6544009DFF0B /* Tutor.swift */ = {isa = PBXFileReference; fileEncoding = 4; lastKnownFileType = sourcecode.swift; path = Tutor.swift; sourceTree = "<group>"; };
		F5059ACD1F0D6544009DFF0B /* _Message.swift */ = {isa = PBXFileReference; fileEncoding = 4; lastKnownFileType = sourcecode.swift; path = _Message.swift; sourceTree = "<group>"; };
		F5059ACE1F0D6544009DFF0B /* _Model.swift */ = {isa = PBXFileReference; fileEncoding = 4; lastKnownFileType = sourcecode.swift; path = _Model.swift; sourceTree = "<group>"; };
		F5059ACF1F0D6544009DFF0B /* _Session.swift */ = {isa = PBXFileReference; fileEncoding = 4; lastKnownFileType = sourcecode.swift; path = _Session.swift; sourceTree = "<group>"; };
		F5059AD01F0D6544009DFF0B /* _Student.swift */ = {isa = PBXFileReference; fileEncoding = 4; lastKnownFileType = sourcecode.swift; path = _Student.swift; sourceTree = "<group>"; };
		F5059AD11F0D6544009DFF0B /* _Tutor.swift */ = {isa = PBXFileReference; fileEncoding = 4; lastKnownFileType = sourcecode.swift; path = _Tutor.swift; sourceTree = "<group>"; };
		F5059AE81F0D6594009DFF0B /* Button.swift */ = {isa = PBXFileReference; fileEncoding = 4; lastKnownFileType = sourcecode.swift; path = Button.swift; sourceTree = "<group>"; };
		F5059AEA1F0D6594009DFF0B /* Colors.swift */ = {isa = PBXFileReference; fileEncoding = 4; lastKnownFileType = sourcecode.swift; path = Colors.swift; sourceTree = "<group>"; };
		F5059AEB1F0D6594009DFF0B /* Device.swift */ = {isa = PBXFileReference; fileEncoding = 4; lastKnownFileType = sourcecode.swift; path = Device.swift; sourceTree = "<group>"; };
		F5059AED1F0D6594009DFF0B /* Font.swift */ = {isa = PBXFileReference; fileEncoding = 4; lastKnownFileType = sourcecode.swift; path = Font.swift; sourceTree = "<group>"; };
		F5059AEE1F0D6594009DFF0B /* JSON.swift */ = {isa = PBXFileReference; fileEncoding = 4; lastKnownFileType = sourcecode.swift; path = JSON.swift; sourceTree = "<group>"; };
		F5059AEF1F0D6594009DFF0B /* String.swift */ = {isa = PBXFileReference; fileEncoding = 4; lastKnownFileType = sourcecode.swift; path = String.swift; sourceTree = "<group>"; };
		F5059AF01F0D6594009DFF0B /* View.swift */ = {isa = PBXFileReference; fileEncoding = 4; lastKnownFileType = sourcecode.swift; path = View.swift; sourceTree = "<group>"; };
		F5059B011F0D6677009DFF0B /* AutocompleteAdapter.swift */ = {isa = PBXFileReference; fileEncoding = 4; lastKnownFileType = sourcecode.swift; path = AutocompleteAdapter.swift; sourceTree = "<group>"; };
		F5059B021F0D6677009DFF0B /* ConfigAdapter.swift */ = {isa = PBXFileReference; fileEncoding = 4; lastKnownFileType = sourcecode.swift; path = ConfigAdapter.swift; sourceTree = "<group>"; };
		F5059B031F0D6677009DFF0B /* PaymentAdapter.swift */ = {isa = PBXFileReference; fileEncoding = 4; lastKnownFileType = sourcecode.swift; path = PaymentAdapter.swift; sourceTree = "<group>"; };
		F5059B041F0D6677009DFF0B /* SessionAdapter.swift */ = {isa = PBXFileReference; fileEncoding = 4; lastKnownFileType = sourcecode.swift; path = SessionAdapter.swift; sourceTree = "<group>"; };
		F5059B051F0D6677009DFF0B /* StudentAdapter.swift */ = {isa = PBXFileReference; fileEncoding = 4; lastKnownFileType = sourcecode.swift; path = StudentAdapter.swift; sourceTree = "<group>"; };
		F5059B061F0D6677009DFF0B /* SynchronizerAdapter.swift */ = {isa = PBXFileReference; fileEncoding = 4; lastKnownFileType = sourcecode.swift; path = SynchronizerAdapter.swift; sourceTree = "<group>"; };
		F5059B071F0D6677009DFF0B /* SynchronizerHandler.swift */ = {isa = PBXFileReference; fileEncoding = 4; lastKnownFileType = sourcecode.swift; path = SynchronizerHandler.swift; sourceTree = "<group>"; };
		F5059B081F0D6677009DFF0B /* TutorAdapter.swift */ = {isa = PBXFileReference; fileEncoding = 4; lastKnownFileType = sourcecode.swift; path = TutorAdapter.swift; sourceTree = "<group>"; };
		F5059B091F0D6677009DFF0B /* APIManager.swift */ = {isa = PBXFileReference; fileEncoding = 4; lastKnownFileType = sourcecode.swift; path = APIManager.swift; sourceTree = "<group>"; };
		F5059B0A1F0D6677009DFF0B /* KickoffManager.swift */ = {isa = PBXFileReference; fileEncoding = 4; lastKnownFileType = sourcecode.swift; path = KickoffManager.swift; sourceTree = "<group>"; };
		F5059B0B1F0D6677009DFF0B /* NetworkingProtocol.swift */ = {isa = PBXFileReference; fileEncoding = 4; lastKnownFileType = sourcecode.swift; path = NetworkingProtocol.swift; sourceTree = "<group>"; };
		F5059B221F0D67A6009DFF0B /* AutoCompleteData.swift */ = {isa = PBXFileReference; fileEncoding = 4; lastKnownFileType = sourcecode.swift; path = AutoCompleteData.swift; sourceTree = "<group>"; };
		F5059B231F0D67A6009DFF0B /* HourData.swift */ = {isa = PBXFileReference; fileEncoding = 4; lastKnownFileType = sourcecode.swift; path = HourData.swift; sourceTree = "<group>"; };
		F5059B251F0D67A6009DFF0B /* MessageAttributes.swift */ = {isa = PBXFileReference; fileEncoding = 4; lastKnownFileType = sourcecode.swift; path = MessageAttributes.swift; sourceTree = "<group>"; };
		F5059B261F0D67A6009DFF0B /* OnboardingFlows.swift */ = {isa = PBXFileReference; fileEncoding = 4; lastKnownFileType = sourcecode.swift; path = OnboardingFlows.swift; sourceTree = "<group>"; };
		F5059B331F0D6841009DFF0B /* Clark-Bridging-Header.h */ = {isa = PBXFileReference; lastKnownFileType = sourcecode.c.h; path = "Clark-Bridging-Header.h"; sourceTree = "<group>"; };
		F5059B341F0D6842009DFF0B /* Constants.h */ = {isa = PBXFileReference; fileEncoding = 4; lastKnownFileType = sourcecode.c.h; path = Constants.h; sourceTree = "<group>"; };
		F5059B351F0D6842009DFF0B /* Constants.m */ = {isa = PBXFileReference; fileEncoding = 4; lastKnownFileType = sourcecode.c.objc; path = Constants.m; sourceTree = "<group>"; };
		F5059B391F0D68BC009DFF0B /* DatabaseManager.swift */ = {isa = PBXFileReference; fileEncoding = 4; lastKnownFileType = sourcecode.swift; path = DatabaseManager.swift; sourceTree = "<group>"; };
		F5059B3C1F0D6A63009DFF0B /* Config.swift */ = {isa = PBXFileReference; fileEncoding = 4; lastKnownFileType = sourcecode.swift; path = Config.swift; sourceTree = "<group>"; };
		F5059B401F0D6FAD009DFF0B /* SF-Pro-Text-Bold.otf */ = {isa = PBXFileReference; lastKnownFileType = file; path = "SF-Pro-Text-Bold.otf"; sourceTree = "<group>"; };
		F5059B411F0D6FAD009DFF0B /* SF-Pro-Text-BoldItalic.otf */ = {isa = PBXFileReference; lastKnownFileType = file; path = "SF-Pro-Text-BoldItalic.otf"; sourceTree = "<group>"; };
		F5059B421F0D6FAD009DFF0B /* SF-Pro-Text-Heavy.otf */ = {isa = PBXFileReference; lastKnownFileType = file; path = "SF-Pro-Text-Heavy.otf"; sourceTree = "<group>"; };
		F5059B431F0D6FAD009DFF0B /* SF-Pro-Text-HeavyItalic.otf */ = {isa = PBXFileReference; lastKnownFileType = file; path = "SF-Pro-Text-HeavyItalic.otf"; sourceTree = "<group>"; };
		F5059B441F0D6FAD009DFF0B /* SF-Pro-Text-Light.otf */ = {isa = PBXFileReference; lastKnownFileType = file; path = "SF-Pro-Text-Light.otf"; sourceTree = "<group>"; };
		F5059B451F0D6FAD009DFF0B /* SF-Pro-Text-LightItalic.otf */ = {isa = PBXFileReference; lastKnownFileType = file; path = "SF-Pro-Text-LightItalic.otf"; sourceTree = "<group>"; };
		F5059B461F0D6FAD009DFF0B /* SF-Pro-Text-Medium.otf */ = {isa = PBXFileReference; lastKnownFileType = file; path = "SF-Pro-Text-Medium.otf"; sourceTree = "<group>"; };
		F5059B471F0D6FAD009DFF0B /* SF-Pro-Text-MediumItalic.otf */ = {isa = PBXFileReference; lastKnownFileType = file; path = "SF-Pro-Text-MediumItalic.otf"; sourceTree = "<group>"; };
		F5059B481F0D6FAD009DFF0B /* SF-Pro-Text-Regular.otf */ = {isa = PBXFileReference; lastKnownFileType = file; path = "SF-Pro-Text-Regular.otf"; sourceTree = "<group>"; };
		F5059B491F0D6FAD009DFF0B /* SF-Pro-Text-RegularItalic.otf */ = {isa = PBXFileReference; lastKnownFileType = file; path = "SF-Pro-Text-RegularItalic.otf"; sourceTree = "<group>"; };
		F5059B4A1F0D6FAD009DFF0B /* SF-Pro-Text-Semibold.otf */ = {isa = PBXFileReference; lastKnownFileType = file; path = "SF-Pro-Text-Semibold.otf"; sourceTree = "<group>"; };
		F5059B621F0D704C009DFF0B /* ConversationManager.swift */ = {isa = PBXFileReference; fileEncoding = 4; lastKnownFileType = sourcecode.swift; path = ConversationManager.swift; sourceTree = "<group>"; };
		F50C33331F0D541B00905F17 /* Clark.app */ = {isa = PBXFileReference; explicitFileType = wrapper.application; includeInIndex = 0; path = Clark.app; sourceTree = BUILT_PRODUCTS_DIR; };
		F50C33361F0D541B00905F17 /* AppDelegate.swift */ = {isa = PBXFileReference; lastKnownFileType = sourcecode.swift; path = AppDelegate.swift; sourceTree = "<group>"; };
		F50C333D1F0D541B00905F17 /* Assets.xcassets */ = {isa = PBXFileReference; lastKnownFileType = folder.assetcatalog; path = Assets.xcassets; sourceTree = "<group>"; };
		F50C33401F0D541B00905F17 /* Base */ = {isa = PBXFileReference; lastKnownFileType = file.storyboard; name = Base; path = Base.lproj/LaunchScreen.storyboard; sourceTree = "<group>"; };
		F50C33521F0D544400905F17 /* Dev.app */ = {isa = PBXFileReference; explicitFileType = wrapper.application; includeInIndex = 0; path = Dev.app; sourceTree = BUILT_PRODUCTS_DIR; };
/* End PBXFileReference section */

/* Begin PBXFrameworksBuildPhase section */
		F50C33301F0D541B00905F17 /* Frameworks */ = {
			isa = PBXFrameworksBuildPhase;
			buildActionMask = 2147483647;
			files = (
				69E0828D33035D190E5EE293 /* Pods_Clark.framework in Frameworks */,
			);
			runOnlyForDeploymentPostprocessing = 0;
		};
		F50C334B1F0D544400905F17 /* Frameworks */ = {
			isa = PBXFrameworksBuildPhase;
			buildActionMask = 2147483647;
			files = (
				874F1936D93F8BF8C99C51A4 /* Pods_Dev.framework in Frameworks */,
			);
			runOnlyForDeploymentPostprocessing = 0;
		};
/* End PBXFrameworksBuildPhase section */

/* Begin PBXGroup section */
		B82D18ED653D28228DC90AD5 /* Pods */ = {
			isa = PBXGroup;
			children = (
				150DA31D9068E4C95D746929 /* Pods-Clark.debug.xcconfig */,
				8FC9A96ABD663AD187360BA2 /* Pods-Clark.release.xcconfig */,
				3336E7F8E70FD4693654AB7A /* Pods-Dev.debug.xcconfig */,
				ACA8600C9614DFE77EE65573 /* Pods-Dev.release.xcconfig */,
			);
			name = Pods;
			sourceTree = "<group>";
		};
		EE84074C8920B9CE79F3564B /* Frameworks */ = {
			isa = PBXGroup;
			children = (
				E14B3DDB1E6090E9C6246BBA /* Pods_Clark.framework */,
				B9E1D3E9DF3862671C65AFCF /* Pods_Dev.framework */,
			);
			name = Frameworks;
			sourceTree = "<group>";
		};
		F5059AB51F0D556A009DFF0B /* Supporting Files */ = {
			isa = PBXGroup;
			children = (
				F5059B3F1F0D6FAD009DFF0B /* Fonts */,
				F5059B311F0D6830009DFF0B /* Constants */,
				F5059AB61F0D558D009DFF0B /* Dev.plist */,
				F5059AB71F0D558D009DFF0B /* Prod.plist */,
			);
			path = "Supporting Files";
			sourceTree = "<group>";
		};
		F5059ABC1F0D5857009DFF0B /* Models */ = {
			isa = PBXGroup;
			children = (
				F5059B231F0D67A6009DFF0B /* HourData.swift */,
				F5059B261F0D67A6009DFF0B /* OnboardingFlows.swift */,
				F5059B221F0D67A6009DFF0B /* AutoCompleteData.swift */,
				F5059B251F0D67A6009DFF0B /* MessageAttributes.swift */,
				F5059AC61F0D6544009DFF0B /* ModelHuman */,
				F5059ACC1F0D6544009DFF0B /* ModelMachine */,
				F5059ABD1F0D5887009DFF0B /* Model.xcdatamodeld */,
			);
			path = Models;
			sourceTree = "<group>";
		};
		F5059AC61F0D6544009DFF0B /* ModelHuman */ = {
			isa = PBXGroup;
			children = (
				F5059AC71F0D6544009DFF0B /* Message.swift */,
				F5059AC81F0D6544009DFF0B /* Model.swift */,
				F5059AC91F0D6544009DFF0B /* Session.swift */,
				F5059ACA1F0D6544009DFF0B /* Student.swift */,
				F5059ACB1F0D6544009DFF0B /* Tutor.swift */,
			);
			name = ModelHuman;
			path = Model/ModelHuman;
			sourceTree = SOURCE_ROOT;
		};
		F5059ACC1F0D6544009DFF0B /* ModelMachine */ = {
			isa = PBXGroup;
			children = (
				F5059ACD1F0D6544009DFF0B /* _Message.swift */,
				F5059ACE1F0D6544009DFF0B /* _Model.swift */,
				F5059ACF1F0D6544009DFF0B /* _Session.swift */,
				F5059AD01F0D6544009DFF0B /* _Student.swift */,
				F5059AD11F0D6544009DFF0B /* _Tutor.swift */,
			);
			name = ModelMachine;
			path = Model/ModelMachine;
			sourceTree = SOURCE_ROOT;
		};
		F5059AE61F0D6562009DFF0B /* Utilities */ = {
			isa = PBXGroup;
			children = (
				F5059B381F0D6899009DFF0B /* Database */,
				F5059AFF1F0D6648009DFF0B /* Networking */,
				F5059AE71F0D6575009DFF0B /* Extensions */,
				F5059B611F0D7028009DFF0B /* Conversation */,
				F5059B3C1F0D6A63009DFF0B /* Config.swift */,
			);
			path = Utilities;
			sourceTree = "<group>";
		};
		F5059AE71F0D6575009DFF0B /* Extensions */ = {
			isa = PBXGroup;
			children = (
				F5059AE81F0D6594009DFF0B /* Button.swift */,
				F5059AE91F0D6594009DFF0B /* Colors */,
				F5059AEB1F0D6594009DFF0B /* Device.swift */,
				F5059AEC1F0D6594009DFF0B /* Fonts */,
				F5059AEE1F0D6594009DFF0B /* JSON.swift */,
				F5059AEF1F0D6594009DFF0B /* String.swift */,
				F5059AF01F0D6594009DFF0B /* View.swift */,
			);
			path = Extensions;
			sourceTree = "<group>";
		};
		F5059AE91F0D6594009DFF0B /* Colors */ = {
			isa = PBXGroup;
			children = (
				F5059AEA1F0D6594009DFF0B /* Colors.swift */,
			);
			path = Colors;
			sourceTree = "<group>";
		};
		F5059AEC1F0D6594009DFF0B /* Fonts */ = {
			isa = PBXGroup;
			children = (
				F5059AED1F0D6594009DFF0B /* Font.swift */,
			);
			path = Fonts;
			sourceTree = "<group>";
		};
		F5059AFF1F0D6648009DFF0B /* Networking */ = {
			isa = PBXGroup;
			children = (
				F5059B001F0D6677009DFF0B /* Adapters */,
				F5059B091F0D6677009DFF0B /* APIManager.swift */,
				F5059B0A1F0D6677009DFF0B /* KickoffManager.swift */,
				F5059B0B1F0D6677009DFF0B /* NetworkingProtocol.swift */,
			);
			path = Networking;
			sourceTree = "<group>";
		};
		F5059B001F0D6677009DFF0B /* Adapters */ = {
			isa = PBXGroup;
			children = (
				F5059B061F0D6677009DFF0B /* SynchronizerAdapter.swift */,
				F5059B071F0D6677009DFF0B /* SynchronizerHandler.swift */,
				F5059B011F0D6677009DFF0B /* AutocompleteAdapter.swift */,
				F5059B021F0D6677009DFF0B /* ConfigAdapter.swift */,
				F5059B031F0D6677009DFF0B /* PaymentAdapter.swift */,
				F5059B041F0D6677009DFF0B /* SessionAdapter.swift */,
				F5059B051F0D6677009DFF0B /* StudentAdapter.swift */,
				F5059B081F0D6677009DFF0B /* TutorAdapter.swift */,
			);
			path = Adapters;
			sourceTree = "<group>";
		};
		F5059B311F0D6830009DFF0B /* Constants */ = {
			isa = PBXGroup;
			children = (
				F5059B341F0D6842009DFF0B /* Constants.h */,
				F5059B351F0D6842009DFF0B /* Constants.m */,
				F5059B331F0D6841009DFF0B /* Clark-Bridging-Header.h */,
			);
			name = Constants;
			path = Contstants;
			sourceTree = "<group>";
		};
		F5059B381F0D6899009DFF0B /* Database */ = {
			isa = PBXGroup;
			children = (
				F5059B391F0D68BC009DFF0B /* DatabaseManager.swift */,
			);
			path = Database;
			sourceTree = "<group>";
		};
		F5059B3F1F0D6FAD009DFF0B /* Fonts */ = {
			isa = PBXGroup;
			children = (
				F5059B401F0D6FAD009DFF0B /* SF-Pro-Text-Bold.otf */,
				F5059B411F0D6FAD009DFF0B /* SF-Pro-Text-BoldItalic.otf */,
				F5059B421F0D6FAD009DFF0B /* SF-Pro-Text-Heavy.otf */,
				F5059B431F0D6FAD009DFF0B /* SF-Pro-Text-HeavyItalic.otf */,
				F5059B441F0D6FAD009DFF0B /* SF-Pro-Text-Light.otf */,
				F5059B451F0D6FAD009DFF0B /* SF-Pro-Text-LightItalic.otf */,
				F5059B461F0D6FAD009DFF0B /* SF-Pro-Text-Medium.otf */,
				F5059B471F0D6FAD009DFF0B /* SF-Pro-Text-MediumItalic.otf */,
				F5059B481F0D6FAD009DFF0B /* SF-Pro-Text-Regular.otf */,
				F5059B491F0D6FAD009DFF0B /* SF-Pro-Text-RegularItalic.otf */,
				F5059B4A1F0D6FAD009DFF0B /* SF-Pro-Text-Semibold.otf */,
			);
			path = Fonts;
			sourceTree = "<group>";
		};
		F5059B611F0D7028009DFF0B /* Conversation */ = {
			isa = PBXGroup;
			children = (
				F5059B621F0D704C009DFF0B /* ConversationManager.swift */,
			);
			path = Conversation;
			sourceTree = "<group>";
		};
		F50C332A1F0D541B00905F17 = {
			isa = PBXGroup;
			children = (
				F50C33351F0D541B00905F17 /* Clark */,
				F50C33341F0D541B00905F17 /* Products */,
				B82D18ED653D28228DC90AD5 /* Pods */,
				EE84074C8920B9CE79F3564B /* Frameworks */,
			);
			sourceTree = "<group>";
		};
		F50C33341F0D541B00905F17 /* Products */ = {
			isa = PBXGroup;
			children = (
				F50C33331F0D541B00905F17 /* Clark.app */,
				F50C33521F0D544400905F17 /* Dev.app */,
			);
			name = Products;
			sourceTree = "<group>";
		};
		F50C33351F0D541B00905F17 /* Clark */ = {
			isa = PBXGroup;
			children = (
				F5059AE61F0D6562009DFF0B /* Utilities */,
				F5059ABC1F0D5857009DFF0B /* Models */,
				F50C33361F0D541B00905F17 /* AppDelegate.swift */,
				F50C333D1F0D541B00905F17 /* Assets.xcassets */,
				F50C333F1F0D541B00905F17 /* LaunchScreen.storyboard */,
				F5059AB51F0D556A009DFF0B /* Supporting Files */,
			);
			path = Clark;
			sourceTree = "<group>";
		};
/* End PBXGroup section */

/* Begin PBXNativeTarget section */
		F50C33321F0D541B00905F17 /* Clark */ = {
			isa = PBXNativeTarget;
			buildConfigurationList = F50C33451F0D541B00905F17 /* Build configuration list for PBXNativeTarget "Clark" */;
			buildPhases = (
				3E1FC8DA373C88748CF6816E /* [CP] Check Pods Manifest.lock */,
				F50C332F1F0D541B00905F17 /* Sources */,
				F50C33301F0D541B00905F17 /* Frameworks */,
				F50C33311F0D541B00905F17 /* Resources */,
				50B7B6CFE98C1CD33517DD54 /* [CP] Embed Pods Frameworks */,
				66C861A5A5529290A9625A3B /* [CP] Copy Pods Resources */,
			);
			buildRules = (
			);
			dependencies = (
			);
			name = Clark;
			productName = Clark;
			productReference = F50C33331F0D541B00905F17 /* Clark.app */;
			productType = "com.apple.product-type.application";
		};
		F50C33481F0D544400905F17 /* Dev */ = {
			isa = PBXNativeTarget;
			buildConfigurationList = F50C334F1F0D544400905F17 /* Build configuration list for PBXNativeTarget "Dev" */;
			buildPhases = (
				B7AFD0FE79748A81C2C066DD /* [CP] Check Pods Manifest.lock */,
				F50C33491F0D544400905F17 /* Sources */,
				F50C334B1F0D544400905F17 /* Frameworks */,
				F50C334C1F0D544400905F17 /* Resources */,
				407C8AA80B537AF16C9CECB2 /* [CP] Embed Pods Frameworks */,
				04DF961528176BE55C2E3DCF /* [CP] Copy Pods Resources */,
			);
			buildRules = (
			);
			dependencies = (
			);
			name = Dev;
			productName = Clark;
			productReference = F50C33521F0D544400905F17 /* Dev.app */;
			productType = "com.apple.product-type.application";
		};
/* End PBXNativeTarget section */

/* Begin PBXProject section */
		F50C332B1F0D541B00905F17 /* Project object */ = {
			isa = PBXProject;
			attributes = {
				LastSwiftUpdateCheck = 0830;
				LastUpgradeCheck = 0830;
				ORGANIZATIONNAME = Clark;
				TargetAttributes = {
					F5059AC11F0D64B7009DFF0B = {
						CreatedOnToolsVersion = 8.3.3;
						DevelopmentTeam = M33Y5V5WM4;
						ProvisioningStyle = Automatic;
					};
					F50C33321F0D541B00905F17 = {
						CreatedOnToolsVersion = 8.3.3;
						DevelopmentTeam = M33Y5V5WM4;
						LastSwiftMigration = 0830;
						ProvisioningStyle = Automatic;
					};
					F50C33481F0D544400905F17 = {
						DevelopmentTeam = M33Y5V5WM4;
						LastSwiftMigration = 0830;
					};
				};
			};
			buildConfigurationList = F50C332E1F0D541B00905F17 /* Build configuration list for PBXProject "Clark" */;
			compatibilityVersion = "Xcode 3.2";
			developmentRegion = English;
			hasScannedForEncodings = 0;
			knownRegions = (
				en,
				Base,
			);
			mainGroup = F50C332A1F0D541B00905F17;
			productRefGroup = F50C33341F0D541B00905F17 /* Products */;
			projectDirPath = "";
			projectRoot = "";
			targets = (
				F50C33481F0D544400905F17 /* Dev */,
				F50C33321F0D541B00905F17 /* Clark */,
				F5059AC11F0D64B7009DFF0B /* mogenerator */,
			);
		};
/* End PBXProject section */

/* Begin PBXResourcesBuildPhase section */
		F50C33311F0D541B00905F17 /* Resources */ = {
			isa = PBXResourcesBuildPhase;
			buildActionMask = 2147483647;
			files = (
				F5059B5A1F0D6FAD009DFF0B /* SF-Pro-Text-MediumItalic.otf in Resources */,
				F5059B561F0D6FAD009DFF0B /* SF-Pro-Text-LightItalic.otf in Resources */,
				F50C33411F0D541B00905F17 /* LaunchScreen.storyboard in Resources */,
				F5059B4C1F0D6FAD009DFF0B /* SF-Pro-Text-Bold.otf in Resources */,
				F5059B5E1F0D6FAD009DFF0B /* SF-Pro-Text-RegularItalic.otf in Resources */,
				F5059ABB1F0D558D009DFF0B /* Prod.plist in Resources */,
				F5059B521F0D6FAD009DFF0B /* SF-Pro-Text-HeavyItalic.otf in Resources */,
				F5059B581F0D6FAD009DFF0B /* SF-Pro-Text-Medium.otf in Resources */,
				F5059B501F0D6FAD009DFF0B /* SF-Pro-Text-Heavy.otf in Resources */,
				F5059B541F0D6FAD009DFF0B /* SF-Pro-Text-Light.otf in Resources */,
				F5059B5C1F0D6FAD009DFF0B /* SF-Pro-Text-Regular.otf in Resources */,
				F50C333E1F0D541B00905F17 /* Assets.xcassets in Resources */,
				F5059B601F0D6FAD009DFF0B /* SF-Pro-Text-Semibold.otf in Resources */,
				F5059B4E1F0D6FAD009DFF0B /* SF-Pro-Text-BoldItalic.otf in Resources */,
				F5059AB91F0D558D009DFF0B /* Dev.plist in Resources */,
			);
			runOnlyForDeploymentPostprocessing = 0;
		};
		F50C334C1F0D544400905F17 /* Resources */ = {
			isa = PBXResourcesBuildPhase;
			buildActionMask = 2147483647;
			files = (
				F5059B591F0D6FAD009DFF0B /* SF-Pro-Text-MediumItalic.otf in Resources */,
				F5059B551F0D6FAD009DFF0B /* SF-Pro-Text-LightItalic.otf in Resources */,
				F50C334D1F0D544400905F17 /* LaunchScreen.storyboard in Resources */,
				F5059B4B1F0D6FAD009DFF0B /* SF-Pro-Text-Bold.otf in Resources */,
				F5059B5D1F0D6FAD009DFF0B /* SF-Pro-Text-RegularItalic.otf in Resources */,
				F5059ABA1F0D558D009DFF0B /* Prod.plist in Resources */,
				F5059B511F0D6FAD009DFF0B /* SF-Pro-Text-HeavyItalic.otf in Resources */,
				F5059B571F0D6FAD009DFF0B /* SF-Pro-Text-Medium.otf in Resources */,
				F5059B4F1F0D6FAD009DFF0B /* SF-Pro-Text-Heavy.otf in Resources */,
				F5059B531F0D6FAD009DFF0B /* SF-Pro-Text-Light.otf in Resources */,
				F5059B5B1F0D6FAD009DFF0B /* SF-Pro-Text-Regular.otf in Resources */,
				F50C334E1F0D544400905F17 /* Assets.xcassets in Resources */,
				F5059B5F1F0D6FAD009DFF0B /* SF-Pro-Text-Semibold.otf in Resources */,
				F5059B4D1F0D6FAD009DFF0B /* SF-Pro-Text-BoldItalic.otf in Resources */,
				F5059AB81F0D558D009DFF0B /* Dev.plist in Resources */,
			);
			runOnlyForDeploymentPostprocessing = 0;
		};
/* End PBXResourcesBuildPhase section */

/* Begin PBXShellScriptBuildPhase section */
		04DF961528176BE55C2E3DCF /* [CP] Copy Pods Resources */ = {
			isa = PBXShellScriptBuildPhase;
			buildActionMask = 2147483647;
			files = (
			);
			inputPaths = (
			);
			name = "[CP] Copy Pods Resources";
			outputPaths = (
			);
			runOnlyForDeploymentPostprocessing = 0;
			shellPath = /bin/sh;
			shellScript = "\"${SRCROOT}/Pods/Target Support Files/Pods-Dev/Pods-Dev-resources.sh\"\n";
			showEnvVarsInLog = 0;
		};
		3E1FC8DA373C88748CF6816E /* [CP] Check Pods Manifest.lock */ = {
			isa = PBXShellScriptBuildPhase;
			buildActionMask = 2147483647;
			files = (
			);
			inputPaths = (
			);
			name = "[CP] Check Pods Manifest.lock";
			outputPaths = (
			);
			runOnlyForDeploymentPostprocessing = 0;
			shellPath = /bin/sh;
			shellScript = "diff \"${PODS_PODFILE_DIR_PATH}/Podfile.lock\" \"${PODS_ROOT}/Manifest.lock\" > /dev/null\nif [ $? != 0 ] ; then\n    # print error to STDERR\n    echo \"error: The sandbox is not in sync with the Podfile.lock. Run 'pod install' or update your CocoaPods installation.\" >&2\n    exit 1\nfi\n";
			showEnvVarsInLog = 0;
		};
		407C8AA80B537AF16C9CECB2 /* [CP] Embed Pods Frameworks */ = {
			isa = PBXShellScriptBuildPhase;
			buildActionMask = 2147483647;
			files = (
			);
			inputPaths = (
			);
			name = "[CP] Embed Pods Frameworks";
			outputPaths = (
			);
			runOnlyForDeploymentPostprocessing = 0;
			shellPath = /bin/sh;
			shellScript = "\"${SRCROOT}/Pods/Target Support Files/Pods-Dev/Pods-Dev-frameworks.sh\"\n";
			showEnvVarsInLog = 0;
		};
		50B7B6CFE98C1CD33517DD54 /* [CP] Embed Pods Frameworks */ = {
			isa = PBXShellScriptBuildPhase;
			buildActionMask = 2147483647;
			files = (
			);
			inputPaths = (
			);
			name = "[CP] Embed Pods Frameworks";
			outputPaths = (
			);
			runOnlyForDeploymentPostprocessing = 0;
			shellPath = /bin/sh;
			shellScript = "\"${SRCROOT}/Pods/Target Support Files/Pods-Clark/Pods-Clark-frameworks.sh\"\n";
			showEnvVarsInLog = 0;
		};
		66C861A5A5529290A9625A3B /* [CP] Copy Pods Resources */ = {
			isa = PBXShellScriptBuildPhase;
			buildActionMask = 2147483647;
			files = (
			);
			inputPaths = (
			);
			name = "[CP] Copy Pods Resources";
			outputPaths = (
			);
			runOnlyForDeploymentPostprocessing = 0;
			shellPath = /bin/sh;
			shellScript = "\"${SRCROOT}/Pods/Target Support Files/Pods-Clark/Pods-Clark-resources.sh\"\n";
			showEnvVarsInLog = 0;
		};
		B7AFD0FE79748A81C2C066DD /* [CP] Check Pods Manifest.lock */ = {
			isa = PBXShellScriptBuildPhase;
			buildActionMask = 2147483647;
			files = (
			);
			inputPaths = (
			);
			name = "[CP] Check Pods Manifest.lock";
			outputPaths = (
			);
			runOnlyForDeploymentPostprocessing = 0;
			shellPath = /bin/sh;
			shellScript = "diff \"${PODS_PODFILE_DIR_PATH}/Podfile.lock\" \"${PODS_ROOT}/Manifest.lock\" > /dev/null\nif [ $? != 0 ] ; then\n    # print error to STDERR\n    echo \"error: The sandbox is not in sync with the Podfile.lock. Run 'pod install' or update your CocoaPods installation.\" >&2\n    exit 1\nfi\n";
			showEnvVarsInLog = 0;
		};
		F5059AC51F0D651C009DFF0B /* ShellScript */ = {
			isa = PBXShellScriptBuildPhase;
			buildActionMask = 2147483647;
			files = (
			);
			inputPaths = (
			);
			outputPaths = (
			);
			runOnlyForDeploymentPostprocessing = 0;
			shellPath = /bin/sh;
			shellScript = "mogenerator --template-var arc=true -m Clark/Models/Model.xcdatamodeld / -M Model/ModelMachine -H Model/ModelHuman --base-class NSManagedObject --includem Model/ModelIncludes --swift --template-path ModelTemplates";
		};
/* End PBXShellScriptBuildPhase section */

/* Begin PBXSourcesBuildPhase section */
		F50C332F1F0D541B00905F17 /* Sources */ = {
			isa = PBXSourcesBuildPhase;
			buildActionMask = 2147483647;
			files = (
				F5059AD71F0D6544009DFF0B /* Session.swift in Sources */,
				F5059B2A1F0D67A6009DFF0B /* HourData.swift in Sources */,
				F5059B171F0D6677009DFF0B /* SynchronizerAdapter.swift in Sources */,
				F5059ADB1F0D6544009DFF0B /* Tutor.swift in Sources */,
				F5059B2E1F0D67A6009DFF0B /* MessageAttributes.swift in Sources */,
				F5059B211F0D6677009DFF0B /* NetworkingProtocol.swift in Sources */,
				F5059AD91F0D6544009DFF0B /* Student.swift in Sources */,
				F5059AF41F0D6594009DFF0B /* Colors.swift in Sources */,
				F5059AD31F0D6544009DFF0B /* Message.swift in Sources */,
				F5059AE51F0D6544009DFF0B /* _Tutor.swift in Sources */,
				F5059B111F0D6677009DFF0B /* PaymentAdapter.swift in Sources */,
				F5059B281F0D67A6009DFF0B /* AutoCompleteData.swift in Sources */,
				F5059B641F0D704C009DFF0B /* ConversationManager.swift in Sources */,
				F5059B151F0D6677009DFF0B /* StudentAdapter.swift in Sources */,
				F5059AFE1F0D6594009DFF0B /* View.swift in Sources */,
				F5059B191F0D6677009DFF0B /* SynchronizerHandler.swift in Sources */,
				F5059AE31F0D6544009DFF0B /* _Student.swift in Sources */,
				F50C33371F0D541B00905F17 /* AppDelegate.swift in Sources */,
				F5059ADD1F0D6544009DFF0B /* _Message.swift in Sources */,
				F5059B0F1F0D6677009DFF0B /* ConfigAdapter.swift in Sources */,
				F5059B3B1F0D68BC009DFF0B /* DatabaseManager.swift in Sources */,
				F5059B131F0D6677009DFF0B /* SessionAdapter.swift in Sources */,
				F5059B301F0D67A6009DFF0B /* OnboardingFlows.swift in Sources */,
				F5059AF61F0D6594009DFF0B /* Device.swift in Sources */,
				F5059ADF1F0D6544009DFF0B /* _Model.swift in Sources */,
				F5059AC01F0D5887009DFF0B /* Model.xcdatamodeld in Sources */,
				F5059B1F1F0D6677009DFF0B /* KickoffManager.swift in Sources */,
				F5059AFC1F0D6594009DFF0B /* String.swift in Sources */,
				F5059B1D1F0D6677009DFF0B /* APIManager.swift in Sources */,
				F5059AF81F0D6594009DFF0B /* Font.swift in Sources */,
				F5059AE11F0D6544009DFF0B /* _Session.swift in Sources */,
				F5059AFA1F0D6594009DFF0B /* JSON.swift in Sources */,
				F5059AF21F0D6594009DFF0B /* Button.swift in Sources */,
				F5059B3E1F0D6A63009DFF0B /* Config.swift in Sources */,
				F5059AD51F0D6544009DFF0B /* Model.swift in Sources */,
				F5059B0D1F0D6677009DFF0B /* AutocompleteAdapter.swift in Sources */,
				F5059B1B1F0D6677009DFF0B /* TutorAdapter.swift in Sources */,
				F5059B371F0D6842009DFF0B /* Constants.m in Sources */,
			);
			runOnlyForDeploymentPostprocessing = 0;
		};
		F50C33491F0D544400905F17 /* Sources */ = {
			isa = PBXSourcesBuildPhase;
			buildActionMask = 2147483647;
			files = (
				F5059AD61F0D6544009DFF0B /* Session.swift in Sources */,
				F5059B291F0D67A6009DFF0B /* HourData.swift in Sources */,
				F5059B161F0D6677009DFF0B /* SynchronizerAdapter.swift in Sources */,
				F5059ADA1F0D6544009DFF0B /* Tutor.swift in Sources */,
				F5059B2D1F0D67A6009DFF0B /* MessageAttributes.swift in Sources */,
				F5059B201F0D6677009DFF0B /* NetworkingProtocol.swift in Sources */,
				F5059AD81F0D6544009DFF0B /* Student.swift in Sources */,
				F5059AF31F0D6594009DFF0B /* Colors.swift in Sources */,
				F5059AD21F0D6544009DFF0B /* Message.swift in Sources */,
				F5059AE41F0D6544009DFF0B /* _Tutor.swift in Sources */,
				F5059B101F0D6677009DFF0B /* PaymentAdapter.swift in Sources */,
				F5059B271F0D67A6009DFF0B /* AutoCompleteData.swift in Sources */,
				F5059B631F0D704C009DFF0B /* ConversationManager.swift in Sources */,
				F5059B141F0D6677009DFF0B /* StudentAdapter.swift in Sources */,
				F5059AFD1F0D6594009DFF0B /* View.swift in Sources */,
				F5059B181F0D6677009DFF0B /* SynchronizerHandler.swift in Sources */,
				F5059AE21F0D6544009DFF0B /* _Student.swift in Sources */,
				F50C334A1F0D544400905F17 /* AppDelegate.swift in Sources */,
				F5059ADC1F0D6544009DFF0B /* _Message.swift in Sources */,
				F5059B0E1F0D6677009DFF0B /* ConfigAdapter.swift in Sources */,
				F5059B3A1F0D68BC009DFF0B /* DatabaseManager.swift in Sources */,
				F5059B121F0D6677009DFF0B /* SessionAdapter.swift in Sources */,
				F5059B2F1F0D67A6009DFF0B /* OnboardingFlows.swift in Sources */,
				F5059AF51F0D6594009DFF0B /* Device.swift in Sources */,
				F5059ADE1F0D6544009DFF0B /* _Model.swift in Sources */,
				F5059ABF1F0D5887009DFF0B /* Model.xcdatamodeld in Sources */,
				F5059B1E1F0D6677009DFF0B /* KickoffManager.swift in Sources */,
				F5059AFB1F0D6594009DFF0B /* String.swift in Sources */,
				F5059B1C1F0D6677009DFF0B /* APIManager.swift in Sources */,
				F5059AF71F0D6594009DFF0B /* Font.swift in Sources */,
				F5059AE01F0D6544009DFF0B /* _Session.swift in Sources */,
				F5059AF91F0D6594009DFF0B /* JSON.swift in Sources */,
				F5059AF11F0D6594009DFF0B /* Button.swift in Sources */,
				F5059B3D1F0D6A63009DFF0B /* Config.swift in Sources */,
				F5059AD41F0D6544009DFF0B /* Model.swift in Sources */,
				F5059B0C1F0D6677009DFF0B /* AutocompleteAdapter.swift in Sources */,
				F5059B1A1F0D6677009DFF0B /* TutorAdapter.swift in Sources */,
				F5059B361F0D6842009DFF0B /* Constants.m in Sources */,
			);
			runOnlyForDeploymentPostprocessing = 0;
		};
/* End PBXSourcesBuildPhase section */

/* Begin PBXVariantGroup section */
		F50C333F1F0D541B00905F17 /* LaunchScreen.storyboard */ = {
			isa = PBXVariantGroup;
			children = (
				F50C33401F0D541B00905F17 /* Base */,
			);
			name = LaunchScreen.storyboard;
			sourceTree = "<group>";
		};
/* End PBXVariantGroup section */

/* Begin XCBuildConfiguration section */
		F5059AC31F0D64B7009DFF0B /* Debug */ = {
			isa = XCBuildConfiguration;
			buildSettings = {
				DEVELOPMENT_TEAM = M33Y5V5WM4;
				PRODUCT_NAME = "$(TARGET_NAME)";
			};
			name = Debug;
		};
		F5059AC41F0D64B7009DFF0B /* Release */ = {
			isa = XCBuildConfiguration;
			buildSettings = {
				DEVELOPMENT_TEAM = M33Y5V5WM4;
				PRODUCT_NAME = "$(TARGET_NAME)";
			};
			name = Release;
		};
		F50C33431F0D541B00905F17 /* Debug */ = {
			isa = XCBuildConfiguration;
			buildSettings = {
				ALWAYS_SEARCH_USER_PATHS = NO;
				CLANG_ANALYZER_NONNULL = YES;
				CLANG_ANALYZER_NUMBER_OBJECT_CONVERSION = YES_AGGRESSIVE;
				CLANG_CXX_LANGUAGE_STANDARD = "gnu++0x";
				CLANG_CXX_LIBRARY = "libc++";
				CLANG_ENABLE_MODULES = YES;
				CLANG_ENABLE_OBJC_ARC = YES;
				CLANG_WARN_BOOL_CONVERSION = YES;
				CLANG_WARN_CONSTANT_CONVERSION = YES;
				CLANG_WARN_DIRECT_OBJC_ISA_USAGE = YES_ERROR;
				CLANG_WARN_DOCUMENTATION_COMMENTS = YES;
				CLANG_WARN_EMPTY_BODY = YES;
				CLANG_WARN_ENUM_CONVERSION = YES;
				CLANG_WARN_INFINITE_RECURSION = YES;
				CLANG_WARN_INT_CONVERSION = YES;
				CLANG_WARN_OBJC_ROOT_CLASS = YES_ERROR;
				CLANG_WARN_SUSPICIOUS_MOVE = YES;
				CLANG_WARN_UNREACHABLE_CODE = YES;
				CLANG_WARN__DUPLICATE_METHOD_MATCH = YES;
				"CODE_SIGN_IDENTITY[sdk=iphoneos*]" = "iPhone Developer";
				COPY_PHASE_STRIP = NO;
				DEBUG_INFORMATION_FORMAT = dwarf;
				ENABLE_STRICT_OBJC_MSGSEND = YES;
				ENABLE_TESTABILITY = YES;
				GCC_C_LANGUAGE_STANDARD = gnu99;
				GCC_DYNAMIC_NO_PIC = NO;
				GCC_NO_COMMON_BLOCKS = YES;
				GCC_OPTIMIZATION_LEVEL = 0;
				GCC_PREPROCESSOR_DEFINITIONS = (
					"DEBUG=1",
					"$(inherited)",
				);
				GCC_WARN_64_TO_32_BIT_CONVERSION = YES;
				GCC_WARN_ABOUT_RETURN_TYPE = YES_ERROR;
				GCC_WARN_UNDECLARED_SELECTOR = YES;
				GCC_WARN_UNINITIALIZED_AUTOS = YES_AGGRESSIVE;
				GCC_WARN_UNUSED_FUNCTION = YES;
				GCC_WARN_UNUSED_VARIABLE = YES;
				IPHONEOS_DEPLOYMENT_TARGET = 10.3;
				MTL_ENABLE_DEBUG_INFO = YES;
				ONLY_ACTIVE_ARCH = YES;
				SDKROOT = iphoneos;
				SWIFT_ACTIVE_COMPILATION_CONDITIONS = DEBUG;
				SWIFT_OPTIMIZATION_LEVEL = "-Onone";
			};
			name = Debug;
		};
		F50C33441F0D541B00905F17 /* Release */ = {
			isa = XCBuildConfiguration;
			buildSettings = {
				ALWAYS_SEARCH_USER_PATHS = NO;
				CLANG_ANALYZER_NONNULL = YES;
				CLANG_ANALYZER_NUMBER_OBJECT_CONVERSION = YES_AGGRESSIVE;
				CLANG_CXX_LANGUAGE_STANDARD = "gnu++0x";
				CLANG_CXX_LIBRARY = "libc++";
				CLANG_ENABLE_MODULES = YES;
				CLANG_ENABLE_OBJC_ARC = YES;
				CLANG_WARN_BOOL_CONVERSION = YES;
				CLANG_WARN_CONSTANT_CONVERSION = YES;
				CLANG_WARN_DIRECT_OBJC_ISA_USAGE = YES_ERROR;
				CLANG_WARN_DOCUMENTATION_COMMENTS = YES;
				CLANG_WARN_EMPTY_BODY = YES;
				CLANG_WARN_ENUM_CONVERSION = YES;
				CLANG_WARN_INFINITE_RECURSION = YES;
				CLANG_WARN_INT_CONVERSION = YES;
				CLANG_WARN_OBJC_ROOT_CLASS = YES_ERROR;
				CLANG_WARN_SUSPICIOUS_MOVE = YES;
				CLANG_WARN_UNREACHABLE_CODE = YES;
				CLANG_WARN__DUPLICATE_METHOD_MATCH = YES;
				"CODE_SIGN_IDENTITY[sdk=iphoneos*]" = "iPhone Developer";
				COPY_PHASE_STRIP = NO;
				DEBUG_INFORMATION_FORMAT = "dwarf-with-dsym";
				ENABLE_NS_ASSERTIONS = NO;
				ENABLE_STRICT_OBJC_MSGSEND = YES;
				GCC_C_LANGUAGE_STANDARD = gnu99;
				GCC_NO_COMMON_BLOCKS = YES;
				GCC_WARN_64_TO_32_BIT_CONVERSION = YES;
				GCC_WARN_ABOUT_RETURN_TYPE = YES_ERROR;
				GCC_WARN_UNDECLARED_SELECTOR = YES;
				GCC_WARN_UNINITIALIZED_AUTOS = YES_AGGRESSIVE;
				GCC_WARN_UNUSED_FUNCTION = YES;
				GCC_WARN_UNUSED_VARIABLE = YES;
				IPHONEOS_DEPLOYMENT_TARGET = 10.3;
				MTL_ENABLE_DEBUG_INFO = NO;
				SDKROOT = iphoneos;
				SWIFT_OPTIMIZATION_LEVEL = "-Owholemodule";
				VALIDATE_PRODUCT = YES;
			};
			name = Release;
		};
		F50C33461F0D541B00905F17 /* Debug */ = {
			isa = XCBuildConfiguration;
			baseConfigurationReference = 150DA31D9068E4C95D746929 /* Pods-Clark.debug.xcconfig */;
			buildSettings = {
				ASSETCATALOG_COMPILER_APPICON_NAME = AppIcon;
				CLANG_ENABLE_MODULES = YES;
				DEVELOPMENT_TEAM = M33Y5V5WM4;
				GCC_PREPROCESSOR_DEFINITIONS = (
					"$(inherited)",
					"COCOAPODS=1",
					"ANIMATED_GIF_SUPPORT=1",
					"C_MACRO_ENVIRONMENT=\\@\\\"Prod\\\"",
					"C_MACRO_HOST_NAME=\\@\\\"manager.hiclark.com/api/mobile\\\"",
					"C_MACRO_STRIPE_KEY=\\@\\\"pk_live_FEcgcmMLtj274I1tXnTKmktQ\\\"",
					"C_MACRO_SEGMENT_KEY=\\@\\\"KiyBWhQClkp9kMNWDHoHD4zYQY4ZUX5U\\\"",
					"C_KICKOFF_KEY=\\@\\\"CK8d8lloJ2auZo5JCNKFD4d3DUyO2NHa1MWrmBGW\\\"",
					"C_KICKOFF_URL=\\@\\\"4zhfqqabvd.execute-api.us-east-2.amazonaws.com/live\\\"",
				);
				INFOPLIST_FILE = "$(SRCROOT)/Clark/Supporting Files/Prod.plist";
				LD_RUNPATH_SEARCH_PATHS = "$(inherited) @executable_path/Frameworks";
				PRODUCT_BUNDLE_IDENTIFIER = com.hiclark.tutor;
				PRODUCT_NAME = "$(TARGET_NAME)";
				SWIFT_OBJC_BRIDGING_HEADER = "Clark/Supporting Files/Contstants/Clark-Bridging-Header.h";
				SWIFT_OPTIMIZATION_LEVEL = "-Onone";
				SWIFT_VERSION = 3.0;
			};
			name = Debug;
		};
		F50C33471F0D541B00905F17 /* Release */ = {
			isa = XCBuildConfiguration;
			baseConfigurationReference = 8FC9A96ABD663AD187360BA2 /* Pods-Clark.release.xcconfig */;
			buildSettings = {
				ASSETCATALOG_COMPILER_APPICON_NAME = AppIcon;
				CLANG_ENABLE_MODULES = YES;
				DEVELOPMENT_TEAM = M33Y5V5WM4;
				GCC_PREPROCESSOR_DEFINITIONS = (
					"$(inherited)",
					"COCOAPODS=1",
					"ANIMATED_GIF_SUPPORT=1",
					"C_MACRO_ENVIRONMENT=\\@\\\"Prod\\\"",
					"C_MACRO_HOST_NAME=\\@\\\"manager.hiclark.com/api/mobile\\\"",
					"C_MACRO_STRIPE_KEY=\\@\\\"pk_live_FEcgcmMLtj274I1tXnTKmktQ\\\"",
					"C_MACRO_SEGMENT_KEY=\\@\\\"KiyBWhQClkp9kMNWDHoHD4zYQY4ZUX5U\\\"",
					"C_KICKOFF_KEY=\\@\\\"CK8d8lloJ2auZo5JCNKFD4d3DUyO2NHa1MWrmBGW\\\"",
					"C_KICKOFF_URL=\\@\\\"4zhfqqabvd.execute-api.us-east-2.amazonaws.com/live\\\"",
				);
				INFOPLIST_FILE = "$(SRCROOT)/Clark/Supporting Files/Prod.plist";
				LD_RUNPATH_SEARCH_PATHS = "$(inherited) @executable_path/Frameworks";
				PRODUCT_BUNDLE_IDENTIFIER = com.hiclark.tutor;
				PRODUCT_NAME = "$(TARGET_NAME)";
				SWIFT_OBJC_BRIDGING_HEADER = "Clark/Supporting Files/Contstants/Clark-Bridging-Header.h";
				SWIFT_VERSION = 3.0;
			};
			name = Release;
		};
		F50C33501F0D544400905F17 /* Debug */ = {
			isa = XCBuildConfiguration;
			baseConfigurationReference = 3336E7F8E70FD4693654AB7A /* Pods-Dev.debug.xcconfig */;
			buildSettings = {
				ASSETCATALOG_COMPILER_APPICON_NAME = AppIcon;
				CLANG_ENABLE_MODULES = YES;
				DEVELOPMENT_TEAM = M33Y5V5WM4;
				GCC_PREPROCESSOR_DEFINITIONS = (
					"$(inherited)",
					"COCOAPODS=1",
					"ANIMATED_GIF_SUPPORT=1",
					"C_MACRO_ENVIRONMENT=\\@\\\"Dev\\\"",
					"C_MACRO_HOST_NAME=\\@\\\"manager-qa.hiclark.com/api/mobile\\\"",
					"C_MACRO_STRIPE_KEY=\\@\\\"pk_test_wy3kwqAnFOHJ8pJPrjMqhUo3\\\"",
					"C_MACRO_SEGMENT_KEY=\\@\\\"KiyBWhQClkp9kMNWDHoHD4zYQY4ZUX5U\\\"",
					"C_KICKOFF_KEY=\\@\\\"qEhr5dmn9L2f4CA0OLjkA1BTTo9cd3VYKq7GJre6\\\"",
					"C_KICKOFF_URL=\\@\\\"rve16sno45.execute-api.us-east-2.amazonaws.com/live\\\"",
				);
				INFOPLIST_FILE = "$(SRCROOT)/Clark/Supporting Files/Dev.plist";
				LD_RUNPATH_SEARCH_PATHS = "$(inherited) @executable_path/Frameworks";
				PRODUCT_BUNDLE_IDENTIFIER = com.hiclark.tutor.dev;
				PRODUCT_NAME = "$(TARGET_NAME)";
				SWIFT_OBJC_BRIDGING_HEADER = "Clark/Supporting Files/Contstants/Clark-Bridging-Header.h";
				SWIFT_OPTIMIZATION_LEVEL = "-Onone";
				SWIFT_VERSION = 3.0;
			};
			name = Debug;
		};
		F50C33511F0D544400905F17 /* Release */ = {
			isa = XCBuildConfiguration;
			baseConfigurationReference = ACA8600C9614DFE77EE65573 /* Pods-Dev.release.xcconfig */;
			buildSettings = {
				ASSETCATALOG_COMPILER_APPICON_NAME = AppIcon;
				CLANG_ENABLE_MODULES = YES;
				DEVELOPMENT_TEAM = M33Y5V5WM4;
				GCC_PREPROCESSOR_DEFINITIONS = (
					"$(inherited)",
					"COCOAPODS=1",
					"ANIMATED_GIF_SUPPORT=1",
					"C_MACRO_ENVIRONMENT=\\@\\\"Dev\\\"",
					"C_MACRO_HOST_NAME=\\@\\\"manager-qa.hiclark.com/api/mobile\\\"",
					"C_MACRO_STRIPE_KEY=\\@\\\"pk_test_wy3kwqAnFOHJ8pJPrjMqhUo3\\\"",
					"C_MACRO_SEGMENT_KEY=\\@\\\"KiyBWhQClkp9kMNWDHoHD4zYQY4ZUX5U\\\"",
					"C_KICKOFF_KEY=\\@\\\"qEhr5dmn9L2f4CA0OLjkA1BTTo9cd3VYKq7GJre6\\\"",
					"C_KICKOFF_URL=\\@\\\"rve16sno45.execute-api.us-east-2.amazonaws.com/live\\\"",
				);
				INFOPLIST_FILE = "$(SRCROOT)/Clark/Supporting Files/Dev.plist";
				LD_RUNPATH_SEARCH_PATHS = "$(inherited) @executable_path/Frameworks";
				PRODUCT_BUNDLE_IDENTIFIER = com.hiclark.tutor.dev;
				PRODUCT_NAME = "$(TARGET_NAME)";
				SWIFT_OBJC_BRIDGING_HEADER = "Clark/Supporting Files/Contstants/Clark-Bridging-Header.h";
				SWIFT_VERSION = 3.0;
			};
			name = Release;
		};
/* End XCBuildConfiguration section */

/* Begin XCConfigurationList section */
		F5059AC21F0D64B7009DFF0B /* Build configuration list for PBXAggregateTarget "mogenerator" */ = {
			isa = XCConfigurationList;
			buildConfigurations = (
				F5059AC31F0D64B7009DFF0B /* Debug */,
				F5059AC41F0D64B7009DFF0B /* Release */,
			);
			defaultConfigurationIsVisible = 0;
		};
		F50C332E1F0D541B00905F17 /* Build configuration list for PBXProject "Clark" */ = {
			isa = XCConfigurationList;
			buildConfigurations = (
				F50C33431F0D541B00905F17 /* Debug */,
				F50C33441F0D541B00905F17 /* Release */,
			);
			defaultConfigurationIsVisible = 0;
			defaultConfigurationName = Release;
		};
		F50C33451F0D541B00905F17 /* Build configuration list for PBXNativeTarget "Clark" */ = {
			isa = XCConfigurationList;
			buildConfigurations = (
				F50C33461F0D541B00905F17 /* Debug */,
				F50C33471F0D541B00905F17 /* Release */,
			);
			defaultConfigurationIsVisible = 0;
			defaultConfigurationName = Release;
		};
		F50C334F1F0D544400905F17 /* Build configuration list for PBXNativeTarget "Dev" */ = {
			isa = XCConfigurationList;
			buildConfigurations = (
				F50C33501F0D544400905F17 /* Debug */,
				F50C33511F0D544400905F17 /* Release */,
			);
			defaultConfigurationIsVisible = 0;
			defaultConfigurationName = Release;
		};
/* End XCConfigurationList section */

/* Begin XCVersionGroup section */
		F5059ABD1F0D5887009DFF0B /* Model.xcdatamodeld */ = {
			isa = XCVersionGroup;
			children = (
				F5059ABE1F0D5887009DFF0B /* Model.xcdatamodel */,
			);
			currentVersion = F5059ABE1F0D5887009DFF0B /* Model.xcdatamodel */;
			path = Model.xcdatamodeld;
			sourceTree = "<group>";
			versionGroupType = wrapper.xcdatamodel;
		};
/* End XCVersionGroup section */
	};
	rootObject = F50C332B1F0D541B00905F17 /* Project object */;
}
